// !$*UTF8*$!
{
	archiveVersion = 1;
	classes = {
	};
	objectVersion = 46;
	objects = {

/* Begin PBXBuildFile section */
		2166F3B21D76E32D008E3B7B /* ActivityLoaderVC.m in Sources */ = {isa = PBXBuildFile; fileRef = 2166F39A1D76E32D008E3B7B /* ActivityLoaderVC.m */; };
		2166F3B31D76E32D008E3B7B /* Reachability.m in Sources */ = {isa = PBXBuildFile; fileRef = 2166F39D1D76E32D008E3B7B /* Reachability.m */; };
		2166F3B41D76E32D008E3B7B /* TSTAlertView.m in Sources */ = {isa = PBXBuildFile; fileRef = 2166F3A01D76E32D008E3B7B /* TSTAlertView.m */; };
		2166F3B51D76E32D008E3B7B /* TSTAlertViewResponder.m in Sources */ = {isa = PBXBuildFile; fileRef = 2166F3A21D76E32D008E3B7B /* TSTAlertViewResponder.m */; };
		2166F3B61D76E32D008E3B7B /* TSTAlertViewStyleKit.m in Sources */ = {isa = PBXBuildFile; fileRef = 2166F3A41D76E32D008E3B7B /* TSTAlertViewStyleKit.m */; };
		2166F3B71D76E32D008E3B7B /* TSTButton.m in Sources */ = {isa = PBXBuildFile; fileRef = 2166F3A61D76E32D008E3B7B /* TSTButton.m */; };
		2166F3B81D76E32D008E3B7B /* TSTSwitchView.m in Sources */ = {isa = PBXBuildFile; fileRef = 2166F3A91D76E32D008E3B7B /* TSTSwitchView.m */; };
		2166F3B91D76E32D008E3B7B /* TSTTextView.m in Sources */ = {isa = PBXBuildFile; fileRef = 2166F3AB1D76E32D008E3B7B /* TSTTextView.m */; };
		2166F3BA1D76E32D008E3B7B /* TSTTimerDisplay.m in Sources */ = {isa = PBXBuildFile; fileRef = 2166F3AD1D76E32D008E3B7B /* TSTTimerDisplay.m */; };
		2166F3BB1D76E32D008E3B7B /* UIImage+ImageEffects.m in Sources */ = {isa = PBXBuildFile; fileRef = 2166F3AF1D76E32D008E3B7B /* UIImage+ImageEffects.m */; };
		2166F3BC1D76E32D008E3B7B /* SHActivityView.m in Sources */ = {isa = PBXBuildFile; fileRef = 2166F3B11D76E32D008E3B7B /* SHActivityView.m */; };
		D14D1CA61D76AAE700100981 /* GoogleMobileAds.framework in Frameworks */ = {isa = PBXBuildFile; fileRef = D14D1C791D76AAE700100981 /* GoogleMobileAds.framework */; };
		D14D1CA71D76AAE700100981 /* FirebaseAnalytics.framework in Frameworks */ = {isa = PBXBuildFile; fileRef = D14D1C7B1D76AAE700100981 /* FirebaseAnalytics.framework */; };
		D14D1CA81D76AAE700100981 /* FirebaseInstanceID.framework in Frameworks */ = {isa = PBXBuildFile; fileRef = D14D1C7C1D76AAE700100981 /* FirebaseInstanceID.framework */; };
		D14D1CA91D76AAE700100981 /* GoogleInterchangeUtilities.framework in Frameworks */ = {isa = PBXBuildFile; fileRef = D14D1C7D1D76AAE700100981 /* GoogleInterchangeUtilities.framework */; };
		D14D1CAA1D76AAE700100981 /* GoogleSymbolUtilities.framework in Frameworks */ = {isa = PBXBuildFile; fileRef = D14D1C7E1D76AAE700100981 /* GoogleSymbolUtilities.framework */; };
		D14D1CAB1D76AAE700100981 /* GoogleUtilities.framework in Frameworks */ = {isa = PBXBuildFile; fileRef = D14D1C7F1D76AAE700100981 /* GoogleUtilities.framework */; };
		D14D1CAC1D76AAE700100981 /* FirebaseAppIndexing.framework in Frameworks */ = {isa = PBXBuildFile; fileRef = D14D1C811D76AAE700100981 /* FirebaseAppIndexing.framework */; };
		D14D1CAD1D76AAE700100981 /* FirebaseAuth.framework in Frameworks */ = {isa = PBXBuildFile; fileRef = D14D1C831D76AAE700100981 /* FirebaseAuth.framework */; };
		D14D1CAE1D76AAE700100981 /* GoogleNetworkingUtilities.framework in Frameworks */ = {isa = PBXBuildFile; fileRef = D14D1C841D76AAE700100981 /* GoogleNetworkingUtilities.framework */; };
		D14D1CAF1D76AAE700100981 /* GoogleParsingUtilities.framework in Frameworks */ = {isa = PBXBuildFile; fileRef = D14D1C851D76AAE700100981 /* GoogleParsingUtilities.framework */; };
		D14D1CB01D76AAE700100981 /* FirebaseCrash.framework in Frameworks */ = {isa = PBXBuildFile; fileRef = D14D1C871D76AAE700100981 /* FirebaseCrash.framework */; };
		D14D1CB11D76AAE800100981 /* FirebaseDatabase.framework in Frameworks */ = {isa = PBXBuildFile; fileRef = D14D1C891D76AAE700100981 /* FirebaseDatabase.framework */; };
		D14D1CB21D76AAE800100981 /* FirebaseDynamicLinks.framework in Frameworks */ = {isa = PBXBuildFile; fileRef = D14D1C8B1D76AAE700100981 /* FirebaseDynamicLinks.framework */; };
		D14D1CB31D76AAE800100981 /* FirebaseDynamicLinks.framework in Frameworks */ = {isa = PBXBuildFile; fileRef = D14D1C8E1D76AAE700100981 /* FirebaseDynamicLinks.framework */; };
		D14D1CB41D76AAE800100981 /* FirebaseInvites.framework in Frameworks */ = {isa = PBXBuildFile; fileRef = D14D1C8F1D76AAE700100981 /* FirebaseInvites.framework */; };
		D14D1CB51D76AAE800100981 /* GoogleAppUtilities.framework in Frameworks */ = {isa = PBXBuildFile; fileRef = D14D1C901D76AAE700100981 /* GoogleAppUtilities.framework */; };
		D14D1CB61D76AAE800100981 /* GoogleAuthUtilities.framework in Frameworks */ = {isa = PBXBuildFile; fileRef = D14D1C911D76AAE700100981 /* GoogleAuthUtilities.framework */; };
		D14D1CB71D76AAE800100981 /* GoogleNetworkingUtilities.framework in Frameworks */ = {isa = PBXBuildFile; fileRef = D14D1C921D76AAE700100981 /* GoogleNetworkingUtilities.framework */; };
		D14D1CB81D76AAE800100981 /* GoogleParsingUtilities.framework in Frameworks */ = {isa = PBXBuildFile; fileRef = D14D1C931D76AAE700100981 /* GoogleParsingUtilities.framework */; };
		D14D1CB91D76AAE800100981 /* GooglePlusUtilities.framework in Frameworks */ = {isa = PBXBuildFile; fileRef = D14D1C941D76AAE700100981 /* GooglePlusUtilities.framework */; };
		D14D1CBA1D76AAE800100981 /* GoogleSignIn.framework in Frameworks */ = {isa = PBXBuildFile; fileRef = D14D1C951D76AAE700100981 /* GoogleSignIn.framework */; };
		D14D1CBB1D76AAE800100981 /* GINInviteResources.bundle in Resources */ = {isa = PBXBuildFile; fileRef = D14D1C971D76AAE700100981 /* GINInviteResources.bundle */; };
		D14D1CBC1D76AAE800100981 /* GPPACLPickerResources.bundle in Resources */ = {isa = PBXBuildFile; fileRef = D14D1C981D76AAE700100981 /* GPPACLPickerResources.bundle */; };
		D14D1CBD1D76AAE800100981 /* GTMOAuth2ViewTouch.xib in Resources */ = {isa = PBXBuildFile; fileRef = D14D1C991D76AAE700100981 /* GTMOAuth2ViewTouch.xib */; };
		D14D1CBE1D76AAE800100981 /* FirebaseMessaging.framework in Frameworks */ = {isa = PBXBuildFile; fileRef = D14D1C9B1D76AAE700100981 /* FirebaseMessaging.framework */; };
		D14D1CBF1D76AAE800100981 /* GoogleIPhoneUtilities.framework in Frameworks */ = {isa = PBXBuildFile; fileRef = D14D1C9C1D76AAE700100981 /* GoogleIPhoneUtilities.framework */; };
		D14D1CC01D76AAE800100981 /* NOTICES in Resources */ = {isa = PBXBuildFile; fileRef = D14D1C9E1D76AAE700100981 /* NOTICES */; };
		D14D1CC11D76AAE800100981 /* README.md in Sources */ = {isa = PBXBuildFile; fileRef = D14D1C9F1D76AAE700100981 /* README.md */; };
		D14D1CC21D76AAE800100981 /* FirebaseRemoteConfig.framework in Frameworks */ = {isa = PBXBuildFile; fileRef = D14D1CA11D76AAE700100981 /* FirebaseRemoteConfig.framework */; };
		D14D1CC31D76AAE800100981 /* GoogleIPhoneUtilities.framework in Frameworks */ = {isa = PBXBuildFile; fileRef = D14D1CA21D76AAE700100981 /* GoogleIPhoneUtilities.framework */; };
		D14D1CC41D76AAE800100981 /* FirebaseStorage.framework in Frameworks */ = {isa = PBXBuildFile; fileRef = D14D1CA41D76AAE700100981 /* FirebaseStorage.framework */; };
		D14D1CC51D76AAE800100981 /* GoogleNetworkingUtilities.framework in Frameworks */ = {isa = PBXBuildFile; fileRef = D14D1CA51D76AAE700100981 /* GoogleNetworkingUtilities.framework */; };
		D14D1CC71D76B04C00100981 /* GoogleService-Info.plist in Resources */ = {isa = PBXBuildFile; fileRef = D14D1CC61D76B04C00100981 /* GoogleService-Info.plist */; };
		D1F14E8D1D7589B200F6ACB1 /* main.m in Sources */ = {isa = PBXBuildFile; fileRef = D1F14E8C1D7589B200F6ACB1 /* main.m */; };
		D1F14E9B1D7589B200F6ACB1 /* Assets.xcassets in Resources */ = {isa = PBXBuildFile; fileRef = D1F14E9A1D7589B200F6ACB1 /* Assets.xcassets */; };
		D1F14E9E1D7589B200F6ACB1 /* LaunchScreen.storyboard in Resources */ = {isa = PBXBuildFile; fileRef = D1F14E9C1D7589B200F6ACB1 /* LaunchScreen.storyboard */; };
		D1F14EAB1D758A3D00F6ACB1 /* AppDelegate.m in Sources */ = {isa = PBXBuildFile; fileRef = D1F14EAA1D758A3D00F6ACB1 /* AppDelegate.m */; };
		D1F14EB31D758A8700F6ACB1 /* LoginViewController.m in Sources */ = {isa = PBXBuildFile; fileRef = D1F14EB21D758A8700F6ACB1 /* LoginViewController.m */; };
		D1F14EB71D75989F00F6ACB1 /* SignUpViewController.m in Sources */ = {isa = PBXBuildFile; fileRef = D1F14EB61D75989F00F6ACB1 /* SignUpViewController.m */; };
		D1F14EB91D75990100F6ACB1 /* Main.storyboard in Resources */ = {isa = PBXBuildFile; fileRef = D1F14EB81D75990100F6ACB1 /* Main.storyboard */; };
/* End PBXBuildFile section */

/* Begin PBXFileReference section */
		2166F3991D76E32D008E3B7B /* ActivityLoaderVC.h */ = {isa = PBXFileReference; fileEncoding = 4; lastKnownFileType = sourcecode.c.h; path = ActivityLoaderVC.h; sourceTree = "<group>"; };
		2166F39A1D76E32D008E3B7B /* ActivityLoaderVC.m */ = {isa = PBXFileReference; fileEncoding = 4; lastKnownFileType = sourcecode.c.objc; path = ActivityLoaderVC.m; sourceTree = "<group>"; };
		2166F39C1D76E32D008E3B7B /* Reachability.h */ = {isa = PBXFileReference; fileEncoding = 4; lastKnownFileType = sourcecode.c.h; path = Reachability.h; sourceTree = "<group>"; };
		2166F39D1D76E32D008E3B7B /* Reachability.m */ = {isa = PBXFileReference; fileEncoding = 4; lastKnownFileType = sourcecode.c.objc; path = Reachability.m; sourceTree = "<group>"; };
		2166F39F1D76E32D008E3B7B /* TSTAlertView.h */ = {isa = PBXFileReference; fileEncoding = 4; lastKnownFileType = sourcecode.c.h; path = TSTAlertView.h; sourceTree = "<group>"; };
		2166F3A01D76E32D008E3B7B /* TSTAlertView.m */ = {isa = PBXFileReference; fileEncoding = 4; lastKnownFileType = sourcecode.c.objc; path = TSTAlertView.m; sourceTree = "<group>"; };
		2166F3A11D76E32D008E3B7B /* TSTAlertViewResponder.h */ = {isa = PBXFileReference; fileEncoding = 4; lastKnownFileType = sourcecode.c.h; path = TSTAlertViewResponder.h; sourceTree = "<group>"; };
		2166F3A21D76E32D008E3B7B /* TSTAlertViewResponder.m */ = {isa = PBXFileReference; fileEncoding = 4; lastKnownFileType = sourcecode.c.objc; path = TSTAlertViewResponder.m; sourceTree = "<group>"; };
		2166F3A31D76E32D008E3B7B /* TSTAlertViewStyleKit.h */ = {isa = PBXFileReference; fileEncoding = 4; lastKnownFileType = sourcecode.c.h; path = TSTAlertViewStyleKit.h; sourceTree = "<group>"; };
		2166F3A41D76E32D008E3B7B /* TSTAlertViewStyleKit.m */ = {isa = PBXFileReference; fileEncoding = 4; lastKnownFileType = sourcecode.c.objc; path = TSTAlertViewStyleKit.m; sourceTree = "<group>"; };
		2166F3A51D76E32D008E3B7B /* TSTButton.h */ = {isa = PBXFileReference; fileEncoding = 4; lastKnownFileType = sourcecode.c.h; path = TSTButton.h; sourceTree = "<group>"; };
		2166F3A61D76E32D008E3B7B /* TSTButton.m */ = {isa = PBXFileReference; fileEncoding = 4; lastKnownFileType = sourcecode.c.objc; path = TSTButton.m; sourceTree = "<group>"; };
		2166F3A71D76E32D008E3B7B /* TSTMacros.h */ = {isa = PBXFileReference; fileEncoding = 4; lastKnownFileType = sourcecode.c.h; path = TSTMacros.h; sourceTree = "<group>"; };
		2166F3A81D76E32D008E3B7B /* TSTSwitchView.h */ = {isa = PBXFileReference; fileEncoding = 4; lastKnownFileType = sourcecode.c.h; path = TSTSwitchView.h; sourceTree = "<group>"; };
		2166F3A91D76E32D008E3B7B /* TSTSwitchView.m */ = {isa = PBXFileReference; fileEncoding = 4; lastKnownFileType = sourcecode.c.objc; path = TSTSwitchView.m; sourceTree = "<group>"; };
		2166F3AA1D76E32D008E3B7B /* TSTTextView.h */ = {isa = PBXFileReference; fileEncoding = 4; lastKnownFileType = sourcecode.c.h; path = TSTTextView.h; sourceTree = "<group>"; };
		2166F3AB1D76E32D008E3B7B /* TSTTextView.m */ = {isa = PBXFileReference; fileEncoding = 4; lastKnownFileType = sourcecode.c.objc; path = TSTTextView.m; sourceTree = "<group>"; };
		2166F3AC1D76E32D008E3B7B /* TSTTimerDisplay.h */ = {isa = PBXFileReference; fileEncoding = 4; lastKnownFileType = sourcecode.c.h; path = TSTTimerDisplay.h; sourceTree = "<group>"; };
		2166F3AD1D76E32D008E3B7B /* TSTTimerDisplay.m */ = {isa = PBXFileReference; fileEncoding = 4; lastKnownFileType = sourcecode.c.objc; path = TSTTimerDisplay.m; sourceTree = "<group>"; };
		2166F3AE1D76E32D008E3B7B /* UIImage+ImageEffects.h */ = {isa = PBXFileReference; fileEncoding = 4; lastKnownFileType = sourcecode.c.h; path = "UIImage+ImageEffects.h"; sourceTree = "<group>"; };
		2166F3AF1D76E32D008E3B7B /* UIImage+ImageEffects.m */ = {isa = PBXFileReference; fileEncoding = 4; lastKnownFileType = sourcecode.c.objc; path = "UIImage+ImageEffects.m"; sourceTree = "<group>"; };
		2166F3B01D76E32D008E3B7B /* SHActivityView.h */ = {isa = PBXFileReference; fileEncoding = 4; lastKnownFileType = sourcecode.c.h; path = SHActivityView.h; sourceTree = "<group>"; };
		2166F3B11D76E32D008E3B7B /* SHActivityView.m */ = {isa = PBXFileReference; fileEncoding = 4; lastKnownFileType = sourcecode.c.objc; path = SHActivityView.m; sourceTree = "<group>"; };
		2166F3BD1D76F564008E3B7B /* Constants.h */ = {isa = PBXFileReference; lastKnownFileType = sourcecode.c.h; path = Constants.h; sourceTree = "<group>"; };
		D14D1C791D76AAE700100981 /* GoogleMobileAds.framework */ = {isa = PBXFileReference; lastKnownFileType = wrapper.framework; path = GoogleMobileAds.framework; sourceTree = "<group>"; };
		D14D1C7B1D76AAE700100981 /* FirebaseAnalytics.framework */ = {isa = PBXFileReference; lastKnownFileType = wrapper.framework; path = FirebaseAnalytics.framework; sourceTree = "<group>"; };
		D14D1C7C1D76AAE700100981 /* FirebaseInstanceID.framework */ = {isa = PBXFileReference; lastKnownFileType = wrapper.framework; path = FirebaseInstanceID.framework; sourceTree = "<group>"; };
		D14D1C7D1D76AAE700100981 /* GoogleInterchangeUtilities.framework */ = {isa = PBXFileReference; lastKnownFileType = wrapper.framework; path = GoogleInterchangeUtilities.framework; sourceTree = "<group>"; };
		D14D1C7E1D76AAE700100981 /* GoogleSymbolUtilities.framework */ = {isa = PBXFileReference; lastKnownFileType = wrapper.framework; path = GoogleSymbolUtilities.framework; sourceTree = "<group>"; };
		D14D1C7F1D76AAE700100981 /* GoogleUtilities.framework */ = {isa = PBXFileReference; lastKnownFileType = wrapper.framework; path = GoogleUtilities.framework; sourceTree = "<group>"; };
		D14D1C811D76AAE700100981 /* FirebaseAppIndexing.framework */ = {isa = PBXFileReference; lastKnownFileType = wrapper.framework; path = FirebaseAppIndexing.framework; sourceTree = "<group>"; };
		D14D1C831D76AAE700100981 /* FirebaseAuth.framework */ = {isa = PBXFileReference; lastKnownFileType = wrapper.framework; path = FirebaseAuth.framework; sourceTree = "<group>"; };
		D14D1C841D76AAE700100981 /* GoogleNetworkingUtilities.framework */ = {isa = PBXFileReference; lastKnownFileType = wrapper.framework; path = GoogleNetworkingUtilities.framework; sourceTree = "<group>"; };
		D14D1C851D76AAE700100981 /* GoogleParsingUtilities.framework */ = {isa = PBXFileReference; lastKnownFileType = wrapper.framework; path = GoogleParsingUtilities.framework; sourceTree = "<group>"; };
		D14D1C871D76AAE700100981 /* FirebaseCrash.framework */ = {isa = PBXFileReference; lastKnownFileType = wrapper.framework; path = FirebaseCrash.framework; sourceTree = "<group>"; };
		D14D1C891D76AAE700100981 /* FirebaseDatabase.framework */ = {isa = PBXFileReference; lastKnownFileType = wrapper.framework; path = FirebaseDatabase.framework; sourceTree = "<group>"; };
		D14D1C8B1D76AAE700100981 /* FirebaseDynamicLinks.framework */ = {isa = PBXFileReference; lastKnownFileType = wrapper.framework; path = FirebaseDynamicLinks.framework; sourceTree = "<group>"; };
		D14D1C8C1D76AAE700100981 /* Firebase.h */ = {isa = PBXFileReference; fileEncoding = 4; lastKnownFileType = sourcecode.c.h; path = Firebase.h; sourceTree = "<group>"; };
		D14D1C8E1D76AAE700100981 /* FirebaseDynamicLinks.framework */ = {isa = PBXFileReference; lastKnownFileType = wrapper.framework; path = FirebaseDynamicLinks.framework; sourceTree = "<group>"; };
		D14D1C8F1D76AAE700100981 /* FirebaseInvites.framework */ = {isa = PBXFileReference; lastKnownFileType = wrapper.framework; path = FirebaseInvites.framework; sourceTree = "<group>"; };
		D14D1C901D76AAE700100981 /* GoogleAppUtilities.framework */ = {isa = PBXFileReference; lastKnownFileType = wrapper.framework; path = GoogleAppUtilities.framework; sourceTree = "<group>"; };
		D14D1C911D76AAE700100981 /* GoogleAuthUtilities.framework */ = {isa = PBXFileReference; lastKnownFileType = wrapper.framework; path = GoogleAuthUtilities.framework; sourceTree = "<group>"; };
		D14D1C921D76AAE700100981 /* GoogleNetworkingUtilities.framework */ = {isa = PBXFileReference; lastKnownFileType = wrapper.framework; path = GoogleNetworkingUtilities.framework; sourceTree = "<group>"; };
		D14D1C931D76AAE700100981 /* GoogleParsingUtilities.framework */ = {isa = PBXFileReference; lastKnownFileType = wrapper.framework; path = GoogleParsingUtilities.framework; sourceTree = "<group>"; };
		D14D1C941D76AAE700100981 /* GooglePlusUtilities.framework */ = {isa = PBXFileReference; lastKnownFileType = wrapper.framework; path = GooglePlusUtilities.framework; sourceTree = "<group>"; };
		D14D1C951D76AAE700100981 /* GoogleSignIn.framework */ = {isa = PBXFileReference; lastKnownFileType = wrapper.framework; path = GoogleSignIn.framework; sourceTree = "<group>"; };
		D14D1C971D76AAE700100981 /* GINInviteResources.bundle */ = {isa = PBXFileReference; lastKnownFileType = "wrapper.plug-in"; path = GINInviteResources.bundle; sourceTree = "<group>"; };
		D14D1C981D76AAE700100981 /* GPPACLPickerResources.bundle */ = {isa = PBXFileReference; lastKnownFileType = "wrapper.plug-in"; path = GPPACLPickerResources.bundle; sourceTree = "<group>"; };
		D14D1C991D76AAE700100981 /* GTMOAuth2ViewTouch.xib */ = {isa = PBXFileReference; fileEncoding = 4; lastKnownFileType = file.xib; path = GTMOAuth2ViewTouch.xib; sourceTree = "<group>"; };
		D14D1C9B1D76AAE700100981 /* FirebaseMessaging.framework */ = {isa = PBXFileReference; lastKnownFileType = wrapper.framework; path = FirebaseMessaging.framework; sourceTree = "<group>"; };
		D14D1C9C1D76AAE700100981 /* GoogleIPhoneUtilities.framework */ = {isa = PBXFileReference; lastKnownFileType = wrapper.framework; path = GoogleIPhoneUtilities.framework; sourceTree = "<group>"; };
		D14D1C9D1D76AAE700100981 /* module.modulemap */ = {isa = PBXFileReference; fileEncoding = 4; lastKnownFileType = "sourcecode.module-map"; path = module.modulemap; sourceTree = "<group>"; };
		D14D1C9E1D76AAE700100981 /* NOTICES */ = {isa = PBXFileReference; fileEncoding = 4; lastKnownFileType = text; path = NOTICES; sourceTree = "<group>"; };
		D14D1C9F1D76AAE700100981 /* README.md */ = {isa = PBXFileReference; fileEncoding = 4; lastKnownFileType = net.daringfireball.markdown; path = README.md; sourceTree = "<group>"; };
		D14D1CA11D76AAE700100981 /* FirebaseRemoteConfig.framework */ = {isa = PBXFileReference; lastKnownFileType = wrapper.framework; path = FirebaseRemoteConfig.framework; sourceTree = "<group>"; };
		D14D1CA21D76AAE700100981 /* GoogleIPhoneUtilities.framework */ = {isa = PBXFileReference; lastKnownFileType = wrapper.framework; path = GoogleIPhoneUtilities.framework; sourceTree = "<group>"; };
		D14D1CA41D76AAE700100981 /* FirebaseStorage.framework */ = {isa = PBXFileReference; lastKnownFileType = wrapper.framework; path = FirebaseStorage.framework; sourceTree = "<group>"; };
		D14D1CA51D76AAE700100981 /* GoogleNetworkingUtilities.framework */ = {isa = PBXFileReference; lastKnownFileType = wrapper.framework; path = GoogleNetworkingUtilities.framework; sourceTree = "<group>"; };
		D14D1CC61D76B04C00100981 /* GoogleService-Info.plist */ = {isa = PBXFileReference; fileEncoding = 4; lastKnownFileType = text.plist.xml; path = "GoogleService-Info.plist"; sourceTree = "<group>"; };
		D1F14E881D7589B200F6ACB1 /* FirebaseSignUpAndEmail.app */ = {isa = PBXFileReference; explicitFileType = wrapper.application; includeInIndex = 0; path = FirebaseSignUpAndEmail.app; sourceTree = BUILT_PRODUCTS_DIR; };
		D1F14E8C1D7589B200F6ACB1 /* main.m */ = {isa = PBXFileReference; lastKnownFileType = sourcecode.c.objc; path = main.m; sourceTree = "<group>"; };
		D1F14E9A1D7589B200F6ACB1 /* Assets.xcassets */ = {isa = PBXFileReference; lastKnownFileType = folder.assetcatalog; path = Assets.xcassets; sourceTree = "<group>"; };
		D1F14E9D1D7589B200F6ACB1 /* Base */ = {isa = PBXFileReference; lastKnownFileType = file.storyboard; name = Base; path = Base.lproj/LaunchScreen.storyboard; sourceTree = "<group>"; };
		D1F14E9F1D7589B200F6ACB1 /* Info.plist */ = {isa = PBXFileReference; lastKnownFileType = text.plist.xml; path = Info.plist; sourceTree = "<group>"; };
		D1F14EA91D758A3D00F6ACB1 /* AppDelegate.h */ = {isa = PBXFileReference; fileEncoding = 4; lastKnownFileType = sourcecode.c.h; path = AppDelegate.h; sourceTree = "<group>"; };
		D1F14EAA1D758A3D00F6ACB1 /* AppDelegate.m */ = {isa = PBXFileReference; fileEncoding = 4; lastKnownFileType = sourcecode.c.objc; path = AppDelegate.m; sourceTree = "<group>"; };
		D1F14EB11D758A8700F6ACB1 /* LoginViewController.h */ = {isa = PBXFileReference; fileEncoding = 4; lastKnownFileType = sourcecode.c.h; path = LoginViewController.h; sourceTree = "<group>"; };
		D1F14EB21D758A8700F6ACB1 /* LoginViewController.m */ = {isa = PBXFileReference; fileEncoding = 4; lastKnownFileType = sourcecode.c.objc; path = LoginViewController.m; sourceTree = "<group>"; };
		D1F14EB51D75989F00F6ACB1 /* SignUpViewController.h */ = {isa = PBXFileReference; fileEncoding = 4; lastKnownFileType = sourcecode.c.h; path = SignUpViewController.h; sourceTree = "<group>"; };
		D1F14EB61D75989F00F6ACB1 /* SignUpViewController.m */ = {isa = PBXFileReference; fileEncoding = 4; lastKnownFileType = sourcecode.c.objc; path = SignUpViewController.m; sourceTree = "<group>"; };
		D1F14EB81D75990100F6ACB1 /* Main.storyboard */ = {isa = PBXFileReference; fileEncoding = 4; lastKnownFileType = file.storyboard; path = Main.storyboard; sourceTree = "<group>"; };
/* End PBXFileReference section */

/* Begin PBXFrameworksBuildPhase section */
		D1F14E851D7589B200F6ACB1 /* Frameworks */ = {
			isa = PBXFrameworksBuildPhase;
			buildActionMask = 2147483647;
			files = (
				D14D1CB11D76AAE800100981 /* FirebaseDatabase.framework in Frameworks */,
				D14D1CBF1D76AAE800100981 /* GoogleIPhoneUtilities.framework in Frameworks */,
				D14D1CAB1D76AAE700100981 /* GoogleUtilities.framework in Frameworks */,
				D14D1CB61D76AAE800100981 /* GoogleAuthUtilities.framework in Frameworks */,
				D14D1CB51D76AAE800100981 /* GoogleAppUtilities.framework in Frameworks */,
				D14D1CAE1D76AAE700100981 /* GoogleNetworkingUtilities.framework in Frameworks */,
				D14D1CAC1D76AAE700100981 /* FirebaseAppIndexing.framework in Frameworks */,
				D14D1CA71D76AAE700100981 /* FirebaseAnalytics.framework in Frameworks */,
				D14D1CBA1D76AAE800100981 /* GoogleSignIn.framework in Frameworks */,
				D14D1CA91D76AAE700100981 /* GoogleInterchangeUtilities.framework in Frameworks */,
				D14D1CC51D76AAE800100981 /* GoogleNetworkingUtilities.framework in Frameworks */,
				D14D1CAA1D76AAE700100981 /* GoogleSymbolUtilities.framework in Frameworks */,
				D14D1CC31D76AAE800100981 /* GoogleIPhoneUtilities.framework in Frameworks */,
				D14D1CBE1D76AAE800100981 /* FirebaseMessaging.framework in Frameworks */,
				D14D1CB21D76AAE800100981 /* FirebaseDynamicLinks.framework in Frameworks */,
				D14D1CB81D76AAE800100981 /* GoogleParsingUtilities.framework in Frameworks */,
				D14D1CB71D76AAE800100981 /* GoogleNetworkingUtilities.framework in Frameworks */,
				D14D1CAD1D76AAE700100981 /* FirebaseAuth.framework in Frameworks */,
				D14D1CB31D76AAE800100981 /* FirebaseDynamicLinks.framework in Frameworks */,
				D14D1CA81D76AAE700100981 /* FirebaseInstanceID.framework in Frameworks */,
				D14D1CAF1D76AAE700100981 /* GoogleParsingUtilities.framework in Frameworks */,
				D14D1CB41D76AAE800100981 /* FirebaseInvites.framework in Frameworks */,
				D14D1CB01D76AAE700100981 /* FirebaseCrash.framework in Frameworks */,
				D14D1CC21D76AAE800100981 /* FirebaseRemoteConfig.framework in Frameworks */,
				D14D1CB91D76AAE800100981 /* GooglePlusUtilities.framework in Frameworks */,
				D14D1CA61D76AAE700100981 /* GoogleMobileAds.framework in Frameworks */,
				D14D1CC41D76AAE800100981 /* FirebaseStorage.framework in Frameworks */,
			);
			runOnlyForDeploymentPostprocessing = 0;
		};
/* End PBXFrameworksBuildPhase section */

/* Begin PBXGroup section */
		2166F3981D76E32D008E3B7B /* HelperClasses */ = {
			isa = PBXGroup;
			children = (
				2166F3991D76E32D008E3B7B /* ActivityLoaderVC.h */,
				2166F39A1D76E32D008E3B7B /* ActivityLoaderVC.m */,
				2166F39B1D76E32D008E3B7B /* Reachability */,
				2166F39E1D76E32D008E3B7B /* TSTAlertView */,
				2166F3B01D76E32D008E3B7B /* SHActivityView.h */,
				2166F3B11D76E32D008E3B7B /* SHActivityView.m */,
			);
			path = HelperClasses;
			sourceTree = "<group>";
		};
		2166F39B1D76E32D008E3B7B /* Reachability */ = {
			isa = PBXGroup;
			children = (
				2166F39C1D76E32D008E3B7B /* Reachability.h */,
				2166F39D1D76E32D008E3B7B /* Reachability.m */,
			);
			path = Reachability;
			sourceTree = "<group>";
		};
		2166F39E1D76E32D008E3B7B /* TSTAlertView */ = {
			isa = PBXGroup;
			children = (
				2166F39F1D76E32D008E3B7B /* TSTAlertView.h */,
				2166F3A01D76E32D008E3B7B /* TSTAlertView.m */,
				2166F3A11D76E32D008E3B7B /* TSTAlertViewResponder.h */,
				2166F3A21D76E32D008E3B7B /* TSTAlertViewResponder.m */,
				2166F3A31D76E32D008E3B7B /* TSTAlertViewStyleKit.h */,
				2166F3A41D76E32D008E3B7B /* TSTAlertViewStyleKit.m */,
				2166F3A51D76E32D008E3B7B /* TSTButton.h */,
				2166F3A61D76E32D008E3B7B /* TSTButton.m */,
				2166F3A71D76E32D008E3B7B /* TSTMacros.h */,
				2166F3A81D76E32D008E3B7B /* TSTSwitchView.h */,
				2166F3A91D76E32D008E3B7B /* TSTSwitchView.m */,
				2166F3AA1D76E32D008E3B7B /* TSTTextView.h */,
				2166F3AB1D76E32D008E3B7B /* TSTTextView.m */,
				2166F3AC1D76E32D008E3B7B /* TSTTimerDisplay.h */,
				2166F3AD1D76E32D008E3B7B /* TSTTimerDisplay.m */,
				2166F3AE1D76E32D008E3B7B /* UIImage+ImageEffects.h */,
				2166F3AF1D76E32D008E3B7B /* UIImage+ImageEffects.m */,
			);
			name = TSTAlertView;
			path = SCLAlertView;
			sourceTree = "<group>";
		};
		D14D1C771D76AAE700100981 /* Firebase */ = {
			isa = PBXGroup;
			children = (
				D14D1C781D76AAE700100981 /* AdMob */,
				D14D1C7A1D76AAE700100981 /* Analytics */,
				D14D1C801D76AAE700100981 /* AppIndexing */,
				D14D1C821D76AAE700100981 /* Auth */,
				D14D1C861D76AAE700100981 /* Crash */,
				D14D1C881D76AAE700100981 /* Database */,
				D14D1C8A1D76AAE700100981 /* DynamicLinks */,
				D14D1C8C1D76AAE700100981 /* Firebase.h */,
				D14D1C8D1D76AAE700100981 /* Invites */,
				D14D1C9A1D76AAE700100981 /* Messaging */,
				D14D1C9D1D76AAE700100981 /* module.modulemap */,
				D14D1C9E1D76AAE700100981 /* NOTICES */,
				D14D1C9F1D76AAE700100981 /* README.md */,
				D14D1CA01D76AAE700100981 /* RemoteConfig */,
				D14D1CA31D76AAE700100981 /* Storage */,
			);
			path = Firebase;
			sourceTree = "<group>";
		};
		D14D1C781D76AAE700100981 /* AdMob */ = {
			isa = PBXGroup;
			children = (
				D14D1C791D76AAE700100981 /* GoogleMobileAds.framework */,
			);
			path = AdMob;
			sourceTree = "<group>";
		};
		D14D1C7A1D76AAE700100981 /* Analytics */ = {
			isa = PBXGroup;
			children = (
				D14D1C7B1D76AAE700100981 /* FirebaseAnalytics.framework */,
				D14D1C7C1D76AAE700100981 /* FirebaseInstanceID.framework */,
				D14D1C7D1D76AAE700100981 /* GoogleInterchangeUtilities.framework */,
				D14D1C7E1D76AAE700100981 /* GoogleSymbolUtilities.framework */,
				D14D1C7F1D76AAE700100981 /* GoogleUtilities.framework */,
			);
			path = Analytics;
			sourceTree = "<group>";
		};
		D14D1C801D76AAE700100981 /* AppIndexing */ = {
			isa = PBXGroup;
			children = (
				D14D1C811D76AAE700100981 /* FirebaseAppIndexing.framework */,
			);
			path = AppIndexing;
			sourceTree = "<group>";
		};
		D14D1C821D76AAE700100981 /* Auth */ = {
			isa = PBXGroup;
			children = (
				D14D1C831D76AAE700100981 /* FirebaseAuth.framework */,
				D14D1C841D76AAE700100981 /* GoogleNetworkingUtilities.framework */,
				D14D1C851D76AAE700100981 /* GoogleParsingUtilities.framework */,
			);
			path = Auth;
			sourceTree = "<group>";
		};
		D14D1C861D76AAE700100981 /* Crash */ = {
			isa = PBXGroup;
			children = (
				D14D1C871D76AAE700100981 /* FirebaseCrash.framework */,
			);
			path = Crash;
			sourceTree = "<group>";
		};
		D14D1C881D76AAE700100981 /* Database */ = {
			isa = PBXGroup;
			children = (
				D14D1C891D76AAE700100981 /* FirebaseDatabase.framework */,
			);
			path = Database;
			sourceTree = "<group>";
		};
		D14D1C8A1D76AAE700100981 /* DynamicLinks */ = {
			isa = PBXGroup;
			children = (
				D14D1C8B1D76AAE700100981 /* FirebaseDynamicLinks.framework */,
			);
			path = DynamicLinks;
			sourceTree = "<group>";
		};
		D14D1C8D1D76AAE700100981 /* Invites */ = {
			isa = PBXGroup;
			children = (
				D14D1C8E1D76AAE700100981 /* FirebaseDynamicLinks.framework */,
				D14D1C8F1D76AAE700100981 /* FirebaseInvites.framework */,
				D14D1C901D76AAE700100981 /* GoogleAppUtilities.framework */,
				D14D1C911D76AAE700100981 /* GoogleAuthUtilities.framework */,
				D14D1C921D76AAE700100981 /* GoogleNetworkingUtilities.framework */,
				D14D1C931D76AAE700100981 /* GoogleParsingUtilities.framework */,
				D14D1C941D76AAE700100981 /* GooglePlusUtilities.framework */,
				D14D1C951D76AAE700100981 /* GoogleSignIn.framework */,
				D14D1C961D76AAE700100981 /* Resources */,
			);
			path = Invites;
			sourceTree = "<group>";
		};
		D14D1C961D76AAE700100981 /* Resources */ = {
			isa = PBXGroup;
			children = (
				D14D1C971D76AAE700100981 /* GINInviteResources.bundle */,
				D14D1C981D76AAE700100981 /* GPPACLPickerResources.bundle */,
				D14D1C991D76AAE700100981 /* GTMOAuth2ViewTouch.xib */,
			);
			path = Resources;
			sourceTree = "<group>";
		};
		D14D1C9A1D76AAE700100981 /* Messaging */ = {
			isa = PBXGroup;
			children = (
				D14D1C9B1D76AAE700100981 /* FirebaseMessaging.framework */,
				D14D1C9C1D76AAE700100981 /* GoogleIPhoneUtilities.framework */,
			);
			path = Messaging;
			sourceTree = "<group>";
		};
		D14D1CA01D76AAE700100981 /* RemoteConfig */ = {
			isa = PBXGroup;
			children = (
				D14D1CA11D76AAE700100981 /* FirebaseRemoteConfig.framework */,
				D14D1CA21D76AAE700100981 /* GoogleIPhoneUtilities.framework */,
			);
			path = RemoteConfig;
			sourceTree = "<group>";
		};
		D14D1CA31D76AAE700100981 /* Storage */ = {
			isa = PBXGroup;
			children = (
				D14D1CA41D76AAE700100981 /* FirebaseStorage.framework */,
				D14D1CA51D76AAE700100981 /* GoogleNetworkingUtilities.framework */,
			);
			path = Storage;
			sourceTree = "<group>";
		};
		D1F14E7F1D7589B200F6ACB1 = {
			isa = PBXGroup;
			children = (
				D1F14E8A1D7589B200F6ACB1 /* FirebaseSignUpAndEmail */,
				D1F14E891D7589B200F6ACB1 /* Products */,
			);
			sourceTree = "<group>";
		};
		D1F14E891D7589B200F6ACB1 /* Products */ = {
			isa = PBXGroup;
			children = (
				D1F14E881D7589B200F6ACB1 /* FirebaseSignUpAndEmail.app */,
			);
			name = Products;
			sourceTree = "<group>";
		};
		D1F14E8A1D7589B200F6ACB1 /* FirebaseSignUpAndEmail */ = {
			isa = PBXGroup;
			children = (
				2166F3BD1D76F564008E3B7B /* Constants.h */,
				2166F3981D76E32D008E3B7B /* HelperClasses */,
				D14D1C771D76AAE700100981 /* Firebase */,
				D1F14EB41D758A8E00F6ACB1 /* Model */,
				D1F14EB01D758A8700F6ACB1 /* Controller */,
				D1F14EA81D758A3D00F6ACB1 /* AppDelegate */,
				D1F14E9A1D7589B200F6ACB1 /* Assets.xcassets */,
				D1F14EB81D75990100F6ACB1 /* Main.storyboard */,
				D1F14E9C1D7589B200F6ACB1 /* LaunchScreen.storyboard */,
				D1F14E9F1D7589B200F6ACB1 /* Info.plist */,
				D1F14E8B1D7589B200F6ACB1 /* Supporting Files */,
			);
			path = FirebaseSignUpAndEmail;
			sourceTree = "<group>";
		};
		D1F14E8B1D7589B200F6ACB1 /* Supporting Files */ = {
			isa = PBXGroup;
			children = (
				D1F14E8C1D7589B200F6ACB1 /* main.m */,
			);
			name = "Supporting Files";
			sourceTree = "<group>";
		};
		D1F14EA81D758A3D00F6ACB1 /* AppDelegate */ = {
			isa = PBXGroup;
			children = (
				D1F14EA91D758A3D00F6ACB1 /* AppDelegate.h */,
				D1F14EAA1D758A3D00F6ACB1 /* AppDelegate.m */,
				D14D1CC61D76B04C00100981 /* GoogleService-Info.plist */,
			);
			path = AppDelegate;
			sourceTree = "<group>";
		};
		D1F14EB01D758A8700F6ACB1 /* Controller */ = {
			isa = PBXGroup;
			children = (
				D1F14EB11D758A8700F6ACB1 /* LoginViewController.h */,
				D1F14EB21D758A8700F6ACB1 /* LoginViewController.m */,
				D1F14EB51D75989F00F6ACB1 /* SignUpViewController.h */,
				D1F14EB61D75989F00F6ACB1 /* SignUpViewController.m */,
			);
			path = Controller;
			sourceTree = "<group>";
		};
		D1F14EB41D758A8E00F6ACB1 /* Model */ = {
			isa = PBXGroup;
			children = (
			);
			path = Model;
			sourceTree = "<group>";
		};
/* End PBXGroup section */

/* Begin PBXNativeTarget section */
		D1F14E871D7589B200F6ACB1 /* FirebaseSignUpAndEmail */ = {
			isa = PBXNativeTarget;
			buildConfigurationList = D1F14EA21D7589B200F6ACB1 /* Build configuration list for PBXNativeTarget "FirebaseSignUpAndEmail" */;
			buildPhases = (
				D1F14E841D7589B200F6ACB1 /* Sources */,
				D1F14E851D7589B200F6ACB1 /* Frameworks */,
				D1F14E861D7589B200F6ACB1 /* Resources */,
			);
			buildRules = (
			);
			dependencies = (
			);
			name = FirebaseSignUpAndEmail;
			productName = FirebaseSignUpAndEmail;
			productReference = D1F14E881D7589B200F6ACB1 /* FirebaseSignUpAndEmail.app */;
			productType = "com.apple.product-type.application";
		};
/* End PBXNativeTarget section */

/* Begin PBXProject section */
		D1F14E801D7589B200F6ACB1 /* Project object */ = {
			isa = PBXProject;
			attributes = {
				LastUpgradeCheck = 0730;
				ORGANIZATIONNAME = "Tristate Technology";
				TargetAttributes = {
					D1F14E871D7589B200F6ACB1 = {
						CreatedOnToolsVersion = 7.3;
					};
				};
			};
			buildConfigurationList = D1F14E831D7589B200F6ACB1 /* Build configuration list for PBXProject "FirebaseSignUpAndEmail" */;
			compatibilityVersion = "Xcode 3.2";
			developmentRegion = English;
			hasScannedForEncodings = 0;
			knownRegions = (
				en,
				Base,
			);
			mainGroup = D1F14E7F1D7589B200F6ACB1;
			productRefGroup = D1F14E891D7589B200F6ACB1 /* Products */;
			projectDirPath = "";
			projectRoot = "";
			targets = (
				D1F14E871D7589B200F6ACB1 /* FirebaseSignUpAndEmail */,
			);
		};
/* End PBXProject section */

/* Begin PBXResourcesBuildPhase section */
		D1F14E861D7589B200F6ACB1 /* Resources */ = {
			isa = PBXResourcesBuildPhase;
			buildActionMask = 2147483647;
			files = (
				D14D1CC01D76AAE800100981 /* NOTICES in Resources */,
				D14D1CC71D76B04C00100981 /* GoogleService-Info.plist in Resources */,
				D14D1CBD1D76AAE800100981 /* GTMOAuth2ViewTouch.xib in Resources */,
				D14D1CBC1D76AAE800100981 /* GPPACLPickerResources.bundle in Resources */,
				D1F14EB91D75990100F6ACB1 /* Main.storyboard in Resources */,
				D14D1CBB1D76AAE800100981 /* GINInviteResources.bundle in Resources */,
				D1F14E9E1D7589B200F6ACB1 /* LaunchScreen.storyboard in Resources */,
				D1F14E9B1D7589B200F6ACB1 /* Assets.xcassets in Resources */,
			);
			runOnlyForDeploymentPostprocessing = 0;
		};
/* End PBXResourcesBuildPhase section */

/* Begin PBXSourcesBuildPhase section */
		D1F14E841D7589B200F6ACB1 /* Sources */ = {
			isa = PBXSourcesBuildPhase;
			buildActionMask = 2147483647;
			files = (
				D1F14E8D1D7589B200F6ACB1 /* main.m in Sources */,
				D1F14EAB1D758A3D00F6ACB1 /* AppDelegate.m in Sources */,
				D14D1CC11D76AAE800100981 /* README.md in Sources */,
				2166F3B31D76E32D008E3B7B /* Reachability.m in Sources */,
				D1F14EB71D75989F00F6ACB1 /* SignUpViewController.m in Sources */,
				2166F3B91D76E32D008E3B7B /* TSTTextView.m in Sources */,
				2166F3B81D76E32D008E3B7B /* TSTSwitchView.m in Sources */,
				2166F3B61D76E32D008E3B7B /* TSTAlertViewStyleKit.m in Sources */,
				2166F3B51D76E32D008E3B7B /* TSTAlertViewResponder.m in Sources */,
				2166F3B21D76E32D008E3B7B /* ActivityLoaderVC.m in Sources */,
				2166F3B71D76E32D008E3B7B /* TSTButton.m in Sources */,
				2166F3BB1D76E32D008E3B7B /* UIImage+ImageEffects.m in Sources */,
				2166F3B41D76E32D008E3B7B /* TSTAlertView.m in Sources */,
				D1F14EB31D758A8700F6ACB1 /* LoginViewController.m in Sources */,
				2166F3BC1D76E32D008E3B7B /* SHActivityView.m in Sources */,
				2166F3BA1D76E32D008E3B7B /* TSTTimerDisplay.m in Sources */,
			);
			runOnlyForDeploymentPostprocessing = 0;
		};
/* End PBXSourcesBuildPhase section */

/* Begin PBXVariantGroup section */
		D1F14E9C1D7589B200F6ACB1 /* LaunchScreen.storyboard */ = {
			isa = PBXVariantGroup;
			children = (
				D1F14E9D1D7589B200F6ACB1 /* Base */,
			);
			name = LaunchScreen.storyboard;
			sourceTree = "<group>";
		};
/* End PBXVariantGroup section */

/* Begin XCBuildConfiguration section */
		D1F14EA01D7589B200F6ACB1 /* Debug */ = {
			isa = XCBuildConfiguration;
			buildSettings = {
				ALWAYS_SEARCH_USER_PATHS = NO;
				CLANG_ANALYZER_NONNULL = YES;
				CLANG_CXX_LANGUAGE_STANDARD = "gnu++0x";
				CLANG_CXX_LIBRARY = "libc++";
				CLANG_ENABLE_MODULES = YES;
				CLANG_ENABLE_OBJC_ARC = YES;
				CLANG_WARN_BOOL_CONVERSION = YES;
				CLANG_WARN_CONSTANT_CONVERSION = YES;
				CLANG_WARN_DIRECT_OBJC_ISA_USAGE = YES_ERROR;
				CLANG_WARN_EMPTY_BODY = YES;
				CLANG_WARN_ENUM_CONVERSION = YES;
				CLANG_WARN_INT_CONVERSION = YES;
				CLANG_WARN_OBJC_ROOT_CLASS = YES_ERROR;
				CLANG_WARN_UNREACHABLE_CODE = YES;
				CLANG_WARN__DUPLICATE_METHOD_MATCH = YES;
				CODE_SIGN_IDENTITY = "iPhone Developer: TriState Team (98L37KEJ36)";
				COPY_PHASE_STRIP = NO;
				DEBUG_INFORMATION_FORMAT = dwarf;
				ENABLE_STRICT_OBJC_MSGSEND = YES;
				ENABLE_TESTABILITY = YES;
				GCC_C_LANGUAGE_STANDARD = gnu99;
				GCC_DYNAMIC_NO_PIC = NO;
				GCC_NO_COMMON_BLOCKS = YES;
				GCC_OPTIMIZATION_LEVEL = 0;
				GCC_PREPROCESSOR_DEFINITIONS = (
					"DEBUG=1",
					"$(inherited)",
				);
				GCC_WARN_64_TO_32_BIT_CONVERSION = YES;
				GCC_WARN_ABOUT_RETURN_TYPE = YES_ERROR;
				GCC_WARN_UNDECLARED_SELECTOR = YES;
				GCC_WARN_UNINITIALIZED_AUTOS = YES_AGGRESSIVE;
				GCC_WARN_UNUSED_FUNCTION = YES;
				GCC_WARN_UNUSED_VARIABLE = YES;
				IPHONEOS_DEPLOYMENT_TARGET = 9.3;
				MTL_ENABLE_DEBUG_INFO = YES;
				ONLY_ACTIVE_ARCH = YES;
				OTHER_LDFLAGS = "-ObjC";
				PROVISIONING_PROFILE = "7d3ecab2-eb12-4987-a2e8-e4d329cdef1f";
				SDKROOT = iphoneos;
			};
			name = Debug;
		};
		D1F14EA11D7589B200F6ACB1 /* Release */ = {
			isa = XCBuildConfiguration;
			buildSettings = {
				ALWAYS_SEARCH_USER_PATHS = NO;
				CLANG_ANALYZER_NONNULL = YES;
				CLANG_CXX_LANGUAGE_STANDARD = "gnu++0x";
				CLANG_CXX_LIBRARY = "libc++";
				CLANG_ENABLE_MODULES = YES;
				CLANG_ENABLE_OBJC_ARC = YES;
				CLANG_WARN_BOOL_CONVERSION = YES;
				CLANG_WARN_CONSTANT_CONVERSION = YES;
				CLANG_WARN_DIRECT_OBJC_ISA_USAGE = YES_ERROR;
				CLANG_WARN_EMPTY_BODY = YES;
				CLANG_WARN_ENUM_CONVERSION = YES;
				CLANG_WARN_INT_CONVERSION = YES;
				CLANG_WARN_OBJC_ROOT_CLASS = YES_ERROR;
				CLANG_WARN_UNREACHABLE_CODE = YES;
				CLANG_WARN__DUPLICATE_METHOD_MATCH = YES;
				CODE_SIGN_IDENTITY = "iPhone Developer: TriState Team (98L37KEJ36)";
				COPY_PHASE_STRIP = NO;
				DEBUG_INFORMATION_FORMAT = "dwarf-with-dsym";
				ENABLE_NS_ASSERTIONS = NO;
				ENABLE_STRICT_OBJC_MSGSEND = YES;
				GCC_C_LANGUAGE_STANDARD = gnu99;
				GCC_NO_COMMON_BLOCKS = YES;
				GCC_WARN_64_TO_32_BIT_CONVERSION = YES;
				GCC_WARN_ABOUT_RETURN_TYPE = YES_ERROR;
				GCC_WARN_UNDECLARED_SELECTOR = YES;
				GCC_WARN_UNINITIALIZED_AUTOS = YES_AGGRESSIVE;
				GCC_WARN_UNUSED_FUNCTION = YES;
				GCC_WARN_UNUSED_VARIABLE = YES;
				IPHONEOS_DEPLOYMENT_TARGET = 9.3;
				MTL_ENABLE_DEBUG_INFO = NO;
				OTHER_LDFLAGS = "-ObjC";
				PROVISIONING_PROFILE = "7d3ecab2-eb12-4987-a2e8-e4d329cdef1f";
				SDKROOT = iphoneos;
				VALIDATE_PRODUCT = YES;
			};
			name = Release;
		};
		D1F14EA31D7589B200F6ACB1 /* Debug */ = {
			isa = XCBuildConfiguration;
			buildSettings = {
				ASSETCATALOG_COMPILER_APPICON_NAME = AppIcon;
				FRAMEWORK_SEARCH_PATHS = (
					"$(inherited)",
					"$(PROJECT_DIR)/FirebaseSignUpAndEmail/Firebase/AdMob",
					"$(PROJECT_DIR)/FirebaseSignUpAndEmail/Firebase/Analytics",
					"$(PROJECT_DIR)/FirebaseSignUpAndEmail/Firebase/AppIndexing",
					"$(PROJECT_DIR)/FirebaseSignUpAndEmail/Firebase/Auth",
					"$(PROJECT_DIR)/FirebaseSignUpAndEmail/Firebase/Crash",
					"$(PROJECT_DIR)/FirebaseSignUpAndEmail/Firebase/Database",
					"$(PROJECT_DIR)/FirebaseSignUpAndEmail/Firebase/DynamicLinks",
					"$(PROJECT_DIR)/FirebaseSignUpAndEmail/Firebase/Invites",
					"$(PROJECT_DIR)/FirebaseSignUpAndEmail/Firebase/Messaging",
					"$(PROJECT_DIR)/FirebaseSignUpAndEmail/Firebase/RemoteConfig",
					"$(PROJECT_DIR)/FirebaseSignUpAndEmail/Firebase/Storage",
				);
				INFOPLIST_FILE = FirebaseSignUpAndEmail/Info.plist;
				IPHONEOS_DEPLOYMENT_TARGET = 8.0;
				LD_RUNPATH_SEARCH_PATHS = "$(inherited) @executable_path/Frameworks";
				OTHER_LDFLAGS = "$(OTHER_LDFLAGS)";
				PRODUCT_BUNDLE_IDENTIFIER = com.firebaseAuthDemo;
				PRODUCT_NAME = "$(TARGET_NAME)";
			};
			name = Debug;
		};
		D1F14EA41D7589B200F6ACB1 /* Release */ = {
			isa = XCBuildConfiguration;
			buildSettings = {
				ASSETCATALOG_COMPILER_APPICON_NAME = AppIcon;
				FRAMEWORK_SEARCH_PATHS = (
					"$(inherited)",
					"$(PROJECT_DIR)/FirebaseSignUpAndEmail/Firebase/AdMob",
					"$(PROJECT_DIR)/FirebaseSignUpAndEmail/Firebase/Analytics",
					"$(PROJECT_DIR)/FirebaseSignUpAndEmail/Firebase/AppIndexing",
					"$(PROJECT_DIR)/FirebaseSignUpAndEmail/Firebase/Auth",
					"$(PROJECT_DIR)/FirebaseSignUpAndEmail/Firebase/Crash",
					"$(PROJECT_DIR)/FirebaseSignUpAndEmail/Firebase/Database",
					"$(PROJECT_DIR)/FirebaseSignUpAndEmail/Firebase/DynamicLinks",
					"$(PROJECT_DIR)/FirebaseSignUpAndEmail/Firebase/Invites",
					"$(PROJECT_DIR)/FirebaseSignUpAndEmail/Firebase/Messaging",
					"$(PROJECT_DIR)/FirebaseSignUpAndEmail/Firebase/RemoteConfig",
					"$(PROJECT_DIR)/FirebaseSignUpAndEmail/Firebase/Storage",
				);
				INFOPLIST_FILE = FirebaseSignUpAndEmail/Info.plist;
				IPHONEOS_DEPLOYMENT_TARGET = 8.0;
				LD_RUNPATH_SEARCH_PATHS = "$(inherited) @executable_path/Frameworks";
				OTHER_LDFLAGS = "$(OTHER_LDFLAGS)";
				PRODUCT_BUNDLE_IDENTIFIER = com.firebaseAuthDemo;
				PRODUCT_NAME = "$(TARGET_NAME)";
			};
			name = Release;
		};
/* End XCBuildConfiguration section */

/* Begin XCConfigurationList section */
		D1F14E831D7589B200F6ACB1 /* Build configuration list for PBXProject "FirebaseSignUpAndEmail" */ = {
			isa = XCConfigurationList;
			buildConfigurations = (
				D1F14EA01D7589B200F6ACB1 /* Debug */,
				D1F14EA11D7589B200F6ACB1 /* Release */,
			);
			defaultConfigurationIsVisible = 0;
			defaultConfigurationName = Release;
		};
		D1F14EA21D7589B200F6ACB1 /* Build configuration list for PBXNativeTarget "FirebaseSignUpAndEmail" */ = {
			isa = XCConfigurationList;
			buildConfigurations = (
				D1F14EA31D7589B200F6ACB1 /* Debug */,
				D1F14EA41D7589B200F6ACB1 /* Release */,
			);
			defaultConfigurationIsVisible = 0;
			defaultConfigurationName = Release;
		};
/* End XCConfigurationList section */
	};
	rootObject = D1F14E801D7589B200F6ACB1 /* Project object */;
}
